
Microsoft Visual Studio Solution File, Format Version 12.00
# Visual Studio Version 18
VisualStudioVersion = 18.6.11822.322
MinimumVisualStudioVersion = 10.0.40219.1
Project("{FAE04EC0-301F-11D3-BF4B-00C04F79EFBC}") = "NYP_FinalProjesi", "NYP_FinalProjesi.csproj", "{8C0A4CFA-75C3-4D07-9543-254883826194}"
EndProject
Project("{FAE04EC0-301F-11D3-BF4B-00C04F79EFBC}") = "HelloHamburger.Entities", "..\HelloHamburger.Entities\HelloHamburger.Entities.csproj", "{116EAC54-DFF6-4F06-9239-EDB9BE18F077}"
EndProject
Project("{FAE04EC0-301F-11D3-BF4B-00C04F79EFBC}") = "HelloHamburger.Core", "..\HelloHamburger.Core\HelloHamburger.Core.csproj", "{EE26A5E6-DA26-450E-A954-032EBDC7C911}"
EndProject
Global
	GlobalSection(SolutionConfigurationPlatforms) = preSolution
		Debug|Any CPU = Debug|Any CPU
		Release|Any CPU = Release|Any CPU
	EndGlobalSection
	GlobalSection(ProjectConfigurationPlatforms) = postSolution
		{8C0A4CFA-75C3-4D07-9543-254883826194}.Debug|Any CPU.ActiveCfg = Debug|Any CPU
		{8C0A4CFA-75C3-4D07-9543-254883826194}.Debug|Any CPU.Build.0 = Debug|Any CPU
		{8C0A4CFA-75C3-4D07-9543-254883826194}.Release|Any CPU.ActiveCfg = Release|Any CPU
		{8C0A4CFA-75C3-4D07-9543-254883826194}.Release|Any CPU.Build.0 = Release|Any CPU
		{116EAC54-DFF6-4F06-9239-EDB9BE18F077}.Debug|Any CPU.ActiveCfg = Debug|Any CPU
		{116EAC54-DFF6-4F06-9239-EDB9BE18F077}.Debug|Any CPU.Build.0 = Debug|Any CPU
		{116EAC54-DFF6-4F06-9239-EDB9BE18F077}.Release|Any CPU.ActiveCfg = Release|Any CPU
		{116EAC54-DFF6-4F06-9239-EDB9BE18F077}.Release|Any CPU.Build.0 = Release|Any CPU
		{EE26A5E6-DA26-450E-A954-032EBDC7C911}.Debug|Any CPU.ActiveCfg = Debug|Any CPU
		{EE26A5E6-DA26-450E-A954-032EBDC7C911}.Debug|Any CPU.Build.0 = Debug|Any CPU
		{EE26A5E6-DA26-450E-A954-032EBDC7C911}.Release|Any CPU.ActiveCfg = Release|Any CPU
		{EE26A5E6-DA26-450E-A954-032EBDC7C911}.Release|Any CPU.Build.0 = Release|Any CPU
	EndGlobalSection
	GlobalSection(SolutionProperties) = preSolution
		HideSolutionNode = FALSE
	EndGlobalSection
	GlobalSection(ExtensibilityGlobals) = postSolution
		SolutionGuid = {2177EA60-FF6D-4301-A55D-65715379CA0F}
	EndGlobalSection
EndGlobal
