
Microsoft Visual Studio Solution File, Format Version 12.00
# Visual Studio Version 17
VisualStudioVersion = 17.14.37012.4 d17.14
MinimumVisualStudioVersion = 10.0.40219.1
Project("{FAE04EC0-301F-11D3-BF4B-00C04F79EFBC}") = "NYP_FinalProjesi", "NYP_FinalProjesi.csproj", "{8C0A4CFA-75C3-4D07-9543-254883826194}"
EndProject
Global
	GlobalSection(SolutionConfigurationPlatforms) = preSolution
		Debug|Any CPU = Debug|Any CPU
		Release|Any CPU = Release|Any CPU
	EndGlobalSection
	GlobalSection(ProjectConfigurationPlatforms) = postSolution
		{8C0A4CFA-75C3-4D07-9543-254883826194}.Debug|Any CPU.ActiveCfg = Debug|Any CPU
		{8C0A4CFA-75C3-4D07-9543-254883826194}.Debug|Any CPU.Build.0 = Debug|Any CPU
		{8C0A4CFA-75C3-4D07-9543-254883826194}.Release|Any CPU.ActiveCfg = Release|Any CPU
		{8C0A4CFA-75C3-4D07-9543-254883826194}.Release|Any CPU.Build.0 = Release|Any CPU
	EndGlobalSection
	GlobalSection(SolutionProperties) = preSolution
		HideSolutionNode = FALSE
	EndGlobalSection
	GlobalSection(ExtensibilityGlobals) = postSolution
		SolutionGuid = {2177EA60-FF6D-4301-A55D-65715379CA0F}
	EndGlobalSection
EndGlobal
